
Microsoft Visual Studio Solution File, Format Version 12.00
# Visual Studio 15
VisualStudioVersion = 15.0.27428.2015
MinimumVisualStudioVersion = 10.0.40219.1
Project("{FAE04EC0-301F-11D3-BF4B-00C04F79EFBC}") = "UnitTestISBN", "UnitTestISBN\UnitTestISBN.csproj", "{09EB2AA7-1438-4F2A-B8D0-91B5F44AED3D}"
EndProject
Project("{FAE04EC0-301F-11D3-BF4B-00C04F79EFBC}") = "UnitLibrary", "UnitLibrary\UnitLibrary.csproj", "{B0796715-C528-45F7-95A9-79983FAFE07E}"
EndProject
Project("{FAE04EC0-301F-11D3-BF4B-00C04F79EFBC}") = "ProgramMathArea", "ProgramMathArea\ProgramMathArea.csproj", "{166EB17D-705E-4D81-99DD-715C3A31F771}"
EndProject
Global
	GlobalSection(SolutionConfigurationPlatforms) = preSolution
		Debug|Any CPU = Debug|Any CPU
		Release|Any CPU = Release|Any CPU
	EndGlobalSection
	GlobalSection(ProjectConfigurationPlatforms) = postSolution
		{09EB2AA7-1438-4F2A-B8D0-91B5F44AED3D}.Debug|Any CPU.ActiveCfg = Debug|Any CPU
		{09EB2AA7-1438-4F2A-B8D0-91B5F44AED3D}.Debug|Any CPU.Build.0 = Debug|Any CPU
		{09EB2AA7-1438-4F2A-B8D0-91B5F44AED3D}.Release|Any CPU.ActiveCfg = Release|Any CPU
		{09EB2AA7-1438-4F2A-B8D0-91B5F44AED3D}.Release|Any CPU.Build.0 = Release|Any CPU
		{B0796715-C528-45F7-95A9-79983FAFE07E}.Debug|Any CPU.ActiveCfg = Debug|Any CPU
		{B0796715-C528-45F7-95A9-79983FAFE07E}.Debug|Any CPU.Build.0 = Debug|Any CPU
		{B0796715-C528-45F7-95A9-79983FAFE07E}.Release|Any CPU.ActiveCfg = Release|Any CPU
		{B0796715-C528-45F7-95A9-79983FAFE07E}.Release|Any CPU.Build.0 = Release|Any CPU
		{166EB17D-705E-4D81-99DD-715C3A31F771}.Debug|Any CPU.ActiveCfg = Debug|Any CPU
		{166EB17D-705E-4D81-99DD-715C3A31F771}.Debug|Any CPU.Build.0 = Debug|Any CPU
		{166EB17D-705E-4D81-99DD-715C3A31F771}.Release|Any CPU.ActiveCfg = Release|Any CPU
		{166EB17D-705E-4D81-99DD-715C3A31F771}.Release|Any CPU.Build.0 = Release|Any CPU
	EndGlobalSection
	GlobalSection(SolutionProperties) = preSolution
		HideSolutionNode = FALSE
	EndGlobalSection
	GlobalSection(ExtensibilityGlobals) = postSolution
		SolutionGuid = {E9114893-CD1E-4134-AC06-46F087DA3BB5}
	EndGlobalSection
EndGlobal
